
Microsoft Visual Studio Solution File, Format Version 12.00
# Visual Studio Version 17
VisualStudioVersion = 17.6.33723.286
MinimumVisualStudioVersion = 10.0.40219.1
Project("{8BC9CEB8-8B4A-11D0-8D11-00A0C91BC942}") = "SaveInArray", "SaveInArray\SaveInArray.vcxproj", "{D3246A66-4E89-4A0B-B17D-653AFFAD9036}"
EndProject
Global
	GlobalSection(SolutionConfigurationPlatforms) = preSolution
		Debug|x64 = Debug|x64
		Debug|x86 = Debug|x86
		Release|x64 = Release|x64
		Release|x86 = Release|x86
	EndGlobalSection
	GlobalSection(ProjectConfigurationPlatforms) = postSolution
		{D3246A66-4E89-4A0B-B17D-653AFFAD9036}.Debug|x64.ActiveCfg = Debug|x64
		{D3246A66-4E89-4A0B-B17D-653AFFAD9036}.Debug|x64.Build.0 = Debug|x64
		{D3246A66-4E89-4A0B-B17D-653AFFAD9036}.Debug|x86.ActiveCfg = Debug|Win32
		{D3246A66-4E89-4A0B-B17D-653AFFAD9036}.Debug|x86.Build.0 = Debug|Win32
		{D3246A66-4E89-4A0B-B17D-653AFFAD9036}.Release|x64.ActiveCfg = Release|x64
		{D3246A66-4E89-4A0B-B17D-653AFFAD9036}.Release|x64.Build.0 = Release|x64
		{D3246A66-4E89-4A0B-B17D-653AFFAD9036}.Release|x86.ActiveCfg = Release|Win32
		{D3246A66-4E89-4A0B-B17D-653AFFAD9036}.Release|x86.Build.0 = Release|Win32
	EndGlobalSection
	GlobalSection(SolutionProperties) = preSolution
		HideSolutionNode = FALSE
	EndGlobalSection
	GlobalSection(ExtensibilityGlobals) = postSolution
		SolutionGuid = {4CE5F45C-0FF1-4D60-9A96-5FC1584942B3}
	EndGlobalSection
EndGlobal
